
Microsoft Visual Studio Solution File, Format Version 12.00
# Visual Studio Version 16
VisualStudioVersion = 16.0.31321.278
MinimumVisualStudioVersion = 10.0.40219.1
Project("{FAE04EC0-301F-11D3-BF4B-00C04F79EFBC}") = "redesign4chan", "redesign4chan\redesign4chan.csproj", "{E1E706F5-8000-4792-9056-DEF95C456707}"
EndProject
Global
	GlobalSection(SolutionConfigurationPlatforms) = preSolution
		Debug|Any CPU = Debug|Any CPU
		Release|Any CPU = Release|Any CPU
	EndGlobalSection
	GlobalSection(ProjectConfigurationPlatforms) = postSolution
		{E1E706F5-8000-4792-9056-DEF95C456707}.Debug|Any CPU.ActiveCfg = Debug|Any CPU
		{E1E706F5-8000-4792-9056-DEF95C456707}.Debug|Any CPU.Build.0 = Debug|Any CPU
		{E1E706F5-8000-4792-9056-DEF95C456707}.Release|Any CPU.ActiveCfg = Release|Any CPU
		{E1E706F5-8000-4792-9056-DEF95C456707}.Release|Any CPU.Build.0 = Release|Any CPU
	EndGlobalSection
	GlobalSection(SolutionProperties) = preSolution
		HideSolutionNode = FALSE
	EndGlobalSection
	GlobalSection(ExtensibilityGlobals) = postSolution
		SolutionGuid = {2DC8EC4A-6B6B-469F-8E9E-C9A0B0B39B4A}
	EndGlobalSection
EndGlobal
